
Microsoft Visual Studio Solution File, Format Version 12.00
# Visual Studio Version 17
VisualStudioVersion = 17.5.002.0
MinimumVisualStudioVersion = 10.0.40219.1
Project("{9A19103F-16F7-4668-BE54-9A1E7A4F7556}") = "agenda", "agenda.csproj", "{D33E8EDE-B30D-4131-89AF-6A2829BE2884}"
EndProject
Global
	GlobalSection(SolutionConfigurationPlatforms) = preSolution
		Debug|Any CPU = Debug|Any CPU
		Release|Any CPU = Release|Any CPU
	EndGlobalSection
	GlobalSection(ProjectConfigurationPlatforms) = postSolution
		{D33E8EDE-B30D-4131-89AF-6A2829BE2884}.Debug|Any CPU.ActiveCfg = Debug|Any CPU
		{D33E8EDE-B30D-4131-89AF-6A2829BE2884}.Debug|Any CPU.Build.0 = Debug|Any CPU
		{D33E8EDE-B30D-4131-89AF-6A2829BE2884}.Release|Any CPU.ActiveCfg = Release|Any CPU
		{D33E8EDE-B30D-4131-89AF-6A2829BE2884}.Release|Any CPU.Build.0 = Release|Any CPU
	EndGlobalSection
	GlobalSection(SolutionProperties) = preSolution
		HideSolutionNode = FALSE
	EndGlobalSection
	GlobalSection(ExtensibilityGlobals) = postSolution
		SolutionGuid = {BC26B7FE-B417-40DD-AB95-03C3E5ACF788}
	EndGlobalSection
EndGlobal
